
Microsoft Visual Studio Solution File, Format Version 12.00
# Visual Studio Version 16
VisualStudioVersion = 16.0.33027.164
MinimumVisualStudioVersion = 10.0.40219.1
Project("{FAE04EC0-301F-11D3-BF4B-00C04F79EFBC}") = "PERSONAL_GERENTE", "PERSONAL_GERENTE.csproj", "{3433A4B8-ABEB-44FC-90CF-2C1F7DE1DDDA}"
EndProject
Global
	GlobalSection(SolutionConfigurationPlatforms) = preSolution
		Debug|Any CPU = Debug|Any CPU
		Release|Any CPU = Release|Any CPU
	EndGlobalSection
	GlobalSection(ProjectConfigurationPlatforms) = postSolution
		{3433A4B8-ABEB-44FC-90CF-2C1F7DE1DDDA}.Debug|Any CPU.ActiveCfg = Debug|Any CPU
		{3433A4B8-ABEB-44FC-90CF-2C1F7DE1DDDA}.Debug|Any CPU.Build.0 = Debug|Any CPU
		{3433A4B8-ABEB-44FC-90CF-2C1F7DE1DDDA}.Release|Any CPU.ActiveCfg = Release|Any CPU
		{3433A4B8-ABEB-44FC-90CF-2C1F7DE1DDDA}.Release|Any CPU.Build.0 = Release|Any CPU
	EndGlobalSection
	GlobalSection(SolutionProperties) = preSolution
		HideSolutionNode = FALSE
	EndGlobalSection
	GlobalSection(ExtensibilityGlobals) = postSolution
		SolutionGuid = {55F80DF7-FDEC-42A5-8547-1302BA6083F0}
	EndGlobalSection
EndGlobal
